
Microsoft Visual Studio Solution File, Format Version 12.00
# Visual Studio Version 18
VisualStudioVersion = 18.7.11911.148 stable
MinimumVisualStudioVersion = 10.0.40219.1
Project("{FAE04EC0-301F-11D3-BF4B-00C04F79EFBC}") = "LTs.Utils", "LTs.Utils\LTs.Utils.csproj", "{FAF129F5-44E9-4872-B0B4-05D282A233B3}"
EndProject
Project("{2150E333-8FDC-42A3-9474-1A3956D46DE8}") = "00_Solution items", "00_Solution items", "{02EA681E-C7D8-13C7-8484-4AC65E1B71E8}"
	ProjectSection(SolutionItems) = preProject
		.editorconfig = .editorconfig
		..\README.md = ..\README.md
	EndProjectSection
EndProject
Project("{2150E333-8FDC-42A3-9474-1A3956D46DE8}") = "Utils", "Utils", "{964C8E16-D870-40AE-B20E-9B269A77D40D}"
EndProject
Project("{2150E333-8FDC-42A3-9474-1A3956D46DE8}") = "tests", "tests", "{DF718126-BA75-4F75-921E-FA4C1C5CB990}"
EndProject
Project("{FAE04EC0-301F-11D3-BF4B-00C04F79EFBC}") = "LTs.Utils.test", "LTs.Utils.test\LTs.Utils.test.csproj", "{82AA2ECC-F49C-4AC9-82B3-9BF62456AF79}"
EndProject
Project("{2150E333-8FDC-42A3-9474-1A3956D46DE8}") = "Json", "Json", "{F5C1B09A-B4E5-41B2-8293-832165752D5B}"
EndProject
Project("{FAE04EC0-301F-11D3-BF4B-00C04F79EFBC}") = "LTs.Json", "LTs.Json\LTs.Json.csproj", "{407041B5-9B99-498F-A3AC-974423151481}"
EndProject
Project("{2150E333-8FDC-42A3-9474-1A3956D46DE8}") = "tests", "tests", "{FA58F61D-D87B-4917-9372-78957B624464}"
EndProject
Project("{FAE04EC0-301F-11D3-BF4B-00C04F79EFBC}") = "LTs.Json.test", "LTs.Json.test\LTs.Json.test.csproj", "{29849D6B-F5B3-43B3-973E-99B259A4F1CA}"
EndProject
Project("{2150E333-8FDC-42A3-9474-1A3956D46DE8}") = "TestUtils", "TestUtils", "{2E8A2EC8-39C5-4D3D-9221-D9FACA508280}"
EndProject
Project("{2150E333-8FDC-42A3-9474-1A3956D46DE8}") = "tests", "tests", "{D39F7BEB-820F-4A3E-845A-DA69DC495E52}"
EndProject
Project("{FAE04EC0-301F-11D3-BF4B-00C04F79EFBC}") = "LTs.TestUtils.test", "LTs.TestUtils.test\LTs.TestUtils.test.csproj", "{B5B63B27-F210-46E0-8A39-98CFFC9DCA22}"
EndProject
Project("{FAE04EC0-301F-11D3-BF4B-00C04F79EFBC}") = "LTs.TestUtils", "LTs.TestUtils\LTs.TestUtils.csproj", "{FDF81571-E40B-4BC0-BB72-FE2D445E7C16}"
EndProject
Project("{2150E333-8FDC-42A3-9474-1A3956D46DE8}") = "Web", "Web", "{3AA38EF4-8367-4495-A824-C7BC34CF550A}"
EndProject
Project("{FAE04EC0-301F-11D3-BF4B-00C04F79EFBC}") = "LTs.Web", "LTs.Web\LTs.Web.csproj", "{A3321DED-DE03-4A46-B268-837842B6EC6C}"
EndProject
Project("{2150E333-8FDC-42A3-9474-1A3956D46DE8}") = "tests", "tests", "{55F890B2-4692-40BF-BA31-98BA108EACA3}"
EndProject
Project("{FAE04EC0-301F-11D3-BF4B-00C04F79EFBC}") = "LTs.Web.test", "LTs.Web.test\LTs.Web.test.csproj", "{1F8BA13B-D417-42ED-9C89-E7878A37CBD2}"
EndProject
Project("{2150E333-8FDC-42A3-9474-1A3956D46DE8}") = "Configurations", "Configurations", "{D601D0BA-127D-4539-A980-4FE32F71744F}"
EndProject
Project("{2150E333-8FDC-42A3-9474-1A3956D46DE8}") = "tests", "tests", "{DA3BB7F6-C07C-4901-8D88-6FBE23F6A923}"
EndProject
Project("{FAE04EC0-301F-11D3-BF4B-00C04F79EFBC}") = "LTs.Configurations", "LTs.Configurations\LTs.Configurations.csproj", "{198FFFA3-9E06-426A-ACC0-F0E2D72573D8}"
EndProject
Project("{FAE04EC0-301F-11D3-BF4B-00C04F79EFBC}") = "LTs.Configurations.test", "LTs.Configurations.test\LTs.Configurations.test.csproj", "{2F560DF0-DF2D-4F9E-951E-F36C04B344D4}"
EndProject
Project("{2150E333-8FDC-42A3-9474-1A3956D46DE8}") = "DependencyInjections", "DependencyInjections", "{843F15D3-5405-434C-A30D-77278C5014FC}"
EndProject
Project("{2150E333-8FDC-42A3-9474-1A3956D46DE8}") = "tests", "tests", "{E6CA22EB-515D-48D3-A3C6-4EC2EBBA08FA}"
EndProject
Project("{FAE04EC0-301F-11D3-BF4B-00C04F79EFBC}") = "LTs.DependencyInjections", "LTs.DependencyInjections\LTs.DependencyInjections.csproj", "{30AC3119-CF81-4417-B1C7-26E778310666}"
EndProject
Project("{FAE04EC0-301F-11D3-BF4B-00C04F79EFBC}") = "LTs.DependencyInjections.test", "LTs.DependencyInjections.test\LTs.DependencyInjections.test.csproj", "{76B078EE-F4BF-4285-A7DC-6944F349A668}"
EndProject
Global
	GlobalSection(SolutionConfigurationPlatforms) = preSolution
		Debug|Any CPU = Debug|Any CPU
		Debug|x64 = Debug|x64
		Debug|x86 = Debug|x86
		Release|Any CPU = Release|Any CPU
		Release|x64 = Release|x64
		Release|x86 = Release|x86
	EndGlobalSection
	GlobalSection(ProjectConfigurationPlatforms) = postSolution
		{FAF129F5-44E9-4872-B0B4-05D282A233B3}.Debug|Any CPU.ActiveCfg = Debug|Any CPU
		{FAF129F5-44E9-4872-B0B4-05D282A233B3}.Debug|Any CPU.Build.0 = Debug|Any CPU
		{FAF129F5-44E9-4872-B0B4-05D282A233B3}.Debug|x64.ActiveCfg = Debug|Any CPU
		{FAF129F5-44E9-4872-B0B4-05D282A233B3}.Debug|x64.Build.0 = Debug|Any CPU
		{FAF129F5-44E9-4872-B0B4-05D282A233B3}.Debug|x86.ActiveCfg = Debug|Any CPU
		{FAF129F5-44E9-4872-B0B4-05D282A233B3}.Debug|x86.Build.0 = Debug|Any CPU
		{FAF129F5-44E9-4872-B0B4-05D282A233B3}.Release|Any CPU.ActiveCfg = Release|Any CPU
		{FAF129F5-44E9-4872-B0B4-05D282A233B3}.Release|Any CPU.Build.0 = Release|Any CPU
		{FAF129F5-44E9-4872-B0B4-05D282A233B3}.Release|x64.ActiveCfg = Release|Any CPU
		{FAF129F5-44E9-4872-B0B4-05D282A233B3}.Release|x64.Build.0 = Release|Any CPU
		{FAF129F5-44E9-4872-B0B4-05D282A233B3}.Release|x86.ActiveCfg = Release|Any CPU
		{FAF129F5-44E9-4872-B0B4-05D282A233B3}.Release|x86.Build.0 = Release|Any CPU
		{82AA2ECC-F49C-4AC9-82B3-9BF62456AF79}.Debug|Any CPU.ActiveCfg = Debug|Any CPU
		{82AA2ECC-F49C-4AC9-82B3-9BF62456AF79}.Debug|Any CPU.Build.0 = Debug|Any CPU
		{82AA2ECC-F49C-4AC9-82B3-9BF62456AF79}.Debug|x64.ActiveCfg = Debug|Any CPU
		{82AA2ECC-F49C-4AC9-82B3-9BF62456AF79}.Debug|x64.Build.0 = Debug|Any CPU
		{82AA2ECC-F49C-4AC9-82B3-9BF62456AF79}.Debug|x86.ActiveCfg = Debug|Any CPU
		{82AA2ECC-F49C-4AC9-82B3-9BF62456AF79}.Debug|x86.Build.0 = Debug|Any CPU
		{82AA2ECC-F49C-4AC9-82B3-9BF62456AF79}.Release|Any CPU.ActiveCfg = Release|Any CPU
		{82AA2ECC-F49C-4AC9-82B3-9BF62456AF79}.Release|Any CPU.Build.0 = Release|Any CPU
		{82AA2ECC-F49C-4AC9-82B3-9BF62456AF79}.Release|x64.ActiveCfg = Release|Any CPU
		{82AA2ECC-F49C-4AC9-82B3-9BF62456AF79}.Release|x64.Build.0 = Release|Any CPU
		{82AA2ECC-F49C-4AC9-82B3-9BF62456AF79}.Release|x86.ActiveCfg = Release|Any CPU
		{82AA2ECC-F49C-4AC9-82B3-9BF62456AF79}.Release|x86.Build.0 = Release|Any CPU
		{407041B5-9B99-498F-A3AC-974423151481}.Debug|Any CPU.ActiveCfg = Debug|Any CPU
		{407041B5-9B99-498F-A3AC-974423151481}.Debug|Any CPU.Build.0 = Debug|Any CPU
		{407041B5-9B99-498F-A3AC-974423151481}.Debug|x64.ActiveCfg = Debug|Any CPU
		{407041B5-9B99-498F-A3AC-974423151481}.Debug|x64.Build.0 = Debug|Any CPU
		{407041B5-9B99-498F-A3AC-974423151481}.Debug|x86.ActiveCfg = Debug|Any CPU
		{407041B5-9B99-498F-A3AC-974423151481}.Debug|x86.Build.0 = Debug|Any CPU
		{407041B5-9B99-498F-A3AC-974423151481}.Release|Any CPU.ActiveCfg = Release|Any CPU
		{407041B5-9B99-498F-A3AC-974423151481}.Release|Any CPU.Build.0 = Release|Any CPU
		{407041B5-9B99-498F-A3AC-974423151481}.Release|x64.ActiveCfg = Release|Any CPU
		{407041B5-9B99-498F-A3AC-974423151481}.Release|x64.Build.0 = Release|Any CPU
		{407041B5-9B99-498F-A3AC-974423151481}.Release|x86.ActiveCfg = Release|Any CPU
		{407041B5-9B99-498F-A3AC-974423151481}.Release|x86.Build.0 = Release|Any CPU
		{29849D6B-F5B3-43B3-973E-99B259A4F1CA}.Debug|Any CPU.ActiveCfg = Debug|Any CPU
		{29849D6B-F5B3-43B3-973E-99B259A4F1CA}.Debug|Any CPU.Build.0 = Debug|Any CPU
		{29849D6B-F5B3-43B3-973E-99B259A4F1CA}.Debug|x64.ActiveCfg = Debug|Any CPU
		{29849D6B-F5B3-43B3-973E-99B259A4F1CA}.Debug|x64.Build.0 = Debug|Any CPU
		{29849D6B-F5B3-43B3-973E-99B259A4F1CA}.Debug|x86.ActiveCfg = Debug|Any CPU
		{29849D6B-F5B3-43B3-973E-99B259A4F1CA}.Debug|x86.Build.0 = Debug|Any CPU
		{29849D6B-F5B3-43B3-973E-99B259A4F1CA}.Release|Any CPU.ActiveCfg = Release|Any CPU
		{29849D6B-F5B3-43B3-973E-99B259A4F1CA}.Release|Any CPU.Build.0 = Release|Any CPU
		{29849D6B-F5B3-43B3-973E-99B259A4F1CA}.Release|x64.ActiveCfg = Release|Any CPU
		{29849D6B-F5B3-43B3-973E-99B259A4F1CA}.Release|x64.Build.0 = Release|Any CPU
		{29849D6B-F5B3-43B3-973E-99B259A4F1CA}.Release|x86.ActiveCfg = Release|Any CPU
		{29849D6B-F5B3-43B3-973E-99B259A4F1CA}.Release|x86.Build.0 = Release|Any CPU
		{B5B63B27-F210-46E0-8A39-98CFFC9DCA22}.Debug|Any CPU.ActiveCfg = Debug|Any CPU
		{B5B63B27-F210-46E0-8A39-98CFFC9DCA22}.Debug|Any CPU.Build.0 = Debug|Any CPU
		{B5B63B27-F210-46E0-8A39-98CFFC9DCA22}.Debug|x64.ActiveCfg = Debug|Any CPU
		{B5B63B27-F210-46E0-8A39-98CFFC9DCA22}.Debug|x64.Build.0 = Debug|Any CPU
		{B5B63B27-F210-46E0-8A39-98CFFC9DCA22}.Debug|x86.ActiveCfg = Debug|Any CPU
		{B5B63B27-F210-46E0-8A39-98CFFC9DCA22}.Debug|x86.Build.0 = Debug|Any CPU
		{B5B63B27-F210-46E0-8A39-98CFFC9DCA22}.Release|Any CPU.ActiveCfg = Release|Any CPU
		{B5B63B27-F210-46E0-8A39-98CFFC9DCA22}.Release|Any CPU.Build.0 = Release|Any CPU
		{B5B63B27-F210-46E0-8A39-98CFFC9DCA22}.Release|x64.ActiveCfg = Release|Any CPU
		{B5B63B27-F210-46E0-8A39-98CFFC9DCA22}.Release|x64.Build.0 = Release|Any CPU
		{B5B63B27-F210-46E0-8A39-98CFFC9DCA22}.Release|x86.ActiveCfg = Release|Any CPU
		{B5B63B27-F210-46E0-8A39-98CFFC9DCA22}.Release|x86.Build.0 = Release|Any CPU
		{FDF81571-E40B-4BC0-BB72-FE2D445E7C16}.Debug|Any CPU.ActiveCfg = Debug|Any CPU
		{FDF81571-E40B-4BC0-BB72-FE2D445E7C16}.Debug|Any CPU.Build.0 = Debug|Any CPU
		{FDF81571-E40B-4BC0-BB72-FE2D445E7C16}.Debug|x64.ActiveCfg = Debug|Any CPU
		{FDF81571-E40B-4BC0-BB72-FE2D445E7C16}.Debug|x64.Build.0 = Debug|Any CPU
		{FDF81571-E40B-4BC0-BB72-FE2D445E7C16}.Debug|x86.ActiveCfg = Debug|Any CPU
		{FDF81571-E40B-4BC0-BB72-FE2D445E7C16}.Debug|x86.Build.0 = Debug|Any CPU
		{FDF81571-E40B-4BC0-BB72-FE2D445E7C16}.Release|Any CPU.ActiveCfg = Release|Any CPU
		{FDF81571-E40B-4BC0-BB72-FE2D445E7C16}.Release|Any CPU.Build.0 = Release|Any CPU
		{FDF81571-E40B-4BC0-BB72-FE2D445E7C16}.Release|x64.ActiveCfg = Release|Any CPU
		{FDF81571-E40B-4BC0-BB72-FE2D445E7C16}.Release|x64.Build.0 = Release|Any CPU
		{FDF81571-E40B-4BC0-BB72-FE2D445E7C16}.Release|x86.ActiveCfg = Release|Any CPU
		{FDF81571-E40B-4BC0-BB72-FE2D445E7C16}.Release|x86.Build.0 = Release|Any CPU
		{A3321DED-DE03-4A46-B268-837842B6EC6C}.Debug|Any CPU.ActiveCfg = Debug|Any CPU
		{A3321DED-DE03-4A46-B268-837842B6EC6C}.Debug|Any CPU.Build.0 = Debug|Any CPU
		{A3321DED-DE03-4A46-B268-837842B6EC6C}.Debug|x64.ActiveCfg = Debug|Any CPU
		{A3321DED-DE03-4A46-B268-837842B6EC6C}.Debug|x64.Build.0 = Debug|Any CPU
		{A3321DED-DE03-4A46-B268-837842B6EC6C}.Debug|x86.ActiveCfg = Debug|Any CPU
		{A3321DED-DE03-4A46-B268-837842B6EC6C}.Debug|x86.Build.0 = Debug|Any CPU
		{A3321DED-DE03-4A46-B268-837842B6EC6C}.Release|Any CPU.ActiveCfg = Release|Any CPU
		{A3321DED-DE03-4A46-B268-837842B6EC6C}.Release|Any CPU.Build.0 = Release|Any CPU
		{A3321DED-DE03-4A46-B268-837842B6EC6C}.Release|x64.ActiveCfg = Release|Any CPU
		{A3321DED-DE03-4A46-B268-837842B6EC6C}.Release|x64.Build.0 = Release|Any CPU
		{A3321DED-DE03-4A46-B268-837842B6EC6C}.Release|x86.ActiveCfg = Release|Any CPU
		{A3321DED-DE03-4A46-B268-837842B6EC6C}.Release|x86.Build.0 = Release|Any CPU
		{1F8BA13B-D417-42ED-9C89-E7878A37CBD2}.Debug|Any CPU.ActiveCfg = Debug|Any CPU
		{1F8BA13B-D417-42ED-9C89-E7878A37CBD2}.Debug|Any CPU.Build.0 = Debug|Any CPU
		{1F8BA13B-D417-42ED-9C89-E7878A37CBD2}.Debug|x64.ActiveCfg = Debug|Any CPU
		{1F8BA13B-D417-42ED-9C89-E7878A37CBD2}.Debug|x64.Build.0 = Debug|Any CPU
		{1F8BA13B-D417-42ED-9C89-E7878A37CBD2}.Debug|x86.ActiveCfg = Debug|Any CPU
		{1F8BA13B-D417-42ED-9C89-E7878A37CBD2}.Debug|x86.Build.0 = Debug|Any CPU
		{1F8BA13B-D417-42ED-9C89-E7878A37CBD2}.Release|Any CPU.ActiveCfg = Release|Any CPU
		{1F8BA13B-D417-42ED-9C89-E7878A37CBD2}.Release|Any CPU.Build.0 = Release|Any CPU
		{1F8BA13B-D417-42ED-9C89-E7878A37CBD2}.Release|x64.ActiveCfg = Release|Any CPU
		{1F8BA13B-D417-42ED-9C89-E7878A37CBD2}.Release|x64.Build.0 = Release|Any CPU
		{1F8BA13B-D417-42ED-9C89-E7878A37CBD2}.Release|x86.ActiveCfg = Release|Any CPU
		{1F8BA13B-D417-42ED-9C89-E7878A37CBD2}.Release|x86.Build.0 = Release|Any CPU
		{198FFFA3-9E06-426A-ACC0-F0E2D72573D8}.Debug|Any CPU.ActiveCfg = Debug|Any CPU
		{198FFFA3-9E06-426A-ACC0-F0E2D72573D8}.Debug|Any CPU.Build.0 = Debug|Any CPU
		{198FFFA3-9E06-426A-ACC0-F0E2D72573D8}.Debug|x64.ActiveCfg = Debug|Any CPU
		{198FFFA3-9E06-426A-ACC0-F0E2D72573D8}.Debug|x64.Build.0 = Debug|Any CPU
		{198FFFA3-9E06-426A-ACC0-F0E2D72573D8}.Debug|x86.ActiveCfg = Debug|Any CPU
		{198FFFA3-9E06-426A-ACC0-F0E2D72573D8}.Debug|x86.Build.0 = Debug|Any CPU
		{198FFFA3-9E06-426A-ACC0-F0E2D72573D8}.Release|Any CPU.ActiveCfg = Release|Any CPU
		{198FFFA3-9E06-426A-ACC0-F0E2D72573D8}.Release|Any CPU.Build.0 = Release|Any CPU
		{198FFFA3-9E06-426A-ACC0-F0E2D72573D8}.Release|x64.ActiveCfg = Release|Any CPU
		{198FFFA3-9E06-426A-ACC0-F0E2D72573D8}.Release|x64.Build.0 = Release|Any CPU
		{198FFFA3-9E06-426A-ACC0-F0E2D72573D8}.Release|x86.ActiveCfg = Release|Any CPU
		{198FFFA3-9E06-426A-ACC0-F0E2D72573D8}.Release|x86.Build.0 = Release|Any CPU
		{2F560DF0-DF2D-4F9E-951E-F36C04B344D4}.Debug|Any CPU.ActiveCfg = Debug|Any CPU
		{2F560DF0-DF2D-4F9E-951E-F36C04B344D4}.Debug|Any CPU.Build.0 = Debug|Any CPU
		{2F560DF0-DF2D-4F9E-951E-F36C04B344D4}.Debug|x64.ActiveCfg = Debug|Any CPU
		{2F560DF0-DF2D-4F9E-951E-F36C04B344D4}.Debug|x64.Build.0 = Debug|Any CPU
		{2F560DF0-DF2D-4F9E-951E-F36C04B344D4}.Debug|x86.ActiveCfg = Debug|Any CPU
		{2F560DF0-DF2D-4F9E-951E-F36C04B344D4}.Debug|x86.Build.0 = Debug|Any CPU
		{2F560DF0-DF2D-4F9E-951E-F36C04B344D4}.Release|Any CPU.ActiveCfg = Release|Any CPU
		{2F560DF0-DF2D-4F9E-951E-F36C04B344D4}.Release|Any CPU.Build.0 = Release|Any CPU
		{2F560DF0-DF2D-4F9E-951E-F36C04B344D4}.Release|x64.ActiveCfg = Release|Any CPU
		{2F560DF0-DF2D-4F9E-951E-F36C04B344D4}.Release|x64.Build.0 = Release|Any CPU
		{2F560DF0-DF2D-4F9E-951E-F36C04B344D4}.Release|x86.ActiveCfg = Release|Any CPU
		{2F560DF0-DF2D-4F9E-951E-F36C04B344D4}.Release|x86.Build.0 = Release|Any CPU
		{30AC3119-CF81-4417-B1C7-26E778310666}.Debug|Any CPU.ActiveCfg = Debug|Any CPU
		{30AC3119-CF81-4417-B1C7-26E778310666}.Debug|Any CPU.Build.0 = Debug|Any CPU
		{30AC3119-CF81-4417-B1C7-26E778310666}.Debug|x64.ActiveCfg = Debug|Any CPU
		{30AC3119-CF81-4417-B1C7-26E778310666}.Debug|x64.Build.0 = Debug|Any CPU
		{30AC3119-CF81-4417-B1C7-26E778310666}.Debug|x86.ActiveCfg = Debug|Any CPU
		{30AC3119-CF81-4417-B1C7-26E778310666}.Debug|x86.Build.0 = Debug|Any CPU
		{30AC3119-CF81-4417-B1C7-26E778310666}.Release|Any CPU.ActiveCfg = Release|Any CPU
		{30AC3119-CF81-4417-B1C7-26E778310666}.Release|Any CPU.Build.0 = Release|Any CPU
		{30AC3119-CF81-4417-B1C7-26E778310666}.Release|x64.ActiveCfg = Release|Any CPU
		{30AC3119-CF81-4417-B1C7-26E778310666}.Release|x64.Build.0 = Release|Any CPU
		{30AC3119-CF81-4417-B1C7-26E778310666}.Release|x86.ActiveCfg = Release|Any CPU
		{30AC3119-CF81-4417-B1C7-26E778310666}.Release|x86.Build.0 = Release|Any CPU
		{76B078EE-F4BF-4285-A7DC-6944F349A668}.Debug|Any CPU.ActiveCfg = Debug|Any CPU
		{76B078EE-F4BF-4285-A7DC-6944F349A668}.Debug|Any CPU.Build.0 = Debug|Any CPU
		{76B078EE-F4BF-4285-A7DC-6944F349A668}.Debug|x64.ActiveCfg = Debug|Any CPU
		{76B078EE-F4BF-4285-A7DC-6944F349A668}.Debug|x64.Build.0 = Debug|Any CPU
		{76B078EE-F4BF-4285-A7DC-6944F349A668}.Debug|x86.ActiveCfg = Debug|Any CPU
		{76B078EE-F4BF-4285-A7DC-6944F349A668}.Debug|x86.Build.0 = Debug|Any CPU
		{76B078EE-F4BF-4285-A7DC-6944F349A668}.Release|Any CPU.ActiveCfg = Release|Any CPU
		{76B078EE-F4BF-4285-A7DC-6944F349A668}.Release|Any CPU.Build.0 = Release|Any CPU
		{76B078EE-F4BF-4285-A7DC-6944F349A668}.Release|x64.ActiveCfg = Release|Any CPU
		{76B078EE-F4BF-4285-A7DC-6944F349A668}.Release|x64.Build.0 = Release|Any CPU
		{76B078EE-F4BF-4285-A7DC-6944F349A668}.Release|x86.ActiveCfg = Release|Any CPU
		{76B078EE-F4BF-4285-A7DC-6944F349A668}.Release|x86.Build.0 = Release|Any CPU
	EndGlobalSection
	GlobalSection(SolutionProperties) = preSolution
		HideSolutionNode = FALSE
	EndGlobalSection
	GlobalSection(NestedProjects) = preSolution
		{FAF129F5-44E9-4872-B0B4-05D282A233B3} = {964C8E16-D870-40AE-B20E-9B269A77D40D}
		{DF718126-BA75-4F75-921E-FA4C1C5CB990} = {964C8E16-D870-40AE-B20E-9B269A77D40D}
		{82AA2ECC-F49C-4AC9-82B3-9BF62456AF79} = {DF718126-BA75-4F75-921E-FA4C1C5CB990}
		{407041B5-9B99-498F-A3AC-974423151481} = {F5C1B09A-B4E5-41B2-8293-832165752D5B}
		{FA58F61D-D87B-4917-9372-78957B624464} = {F5C1B09A-B4E5-41B2-8293-832165752D5B}
		{29849D6B-F5B3-43B3-973E-99B259A4F1CA} = {FA58F61D-D87B-4917-9372-78957B624464}
		{D39F7BEB-820F-4A3E-845A-DA69DC495E52} = {2E8A2EC8-39C5-4D3D-9221-D9FACA508280}
		{B5B63B27-F210-46E0-8A39-98CFFC9DCA22} = {D39F7BEB-820F-4A3E-845A-DA69DC495E52}
		{FDF81571-E40B-4BC0-BB72-FE2D445E7C16} = {2E8A2EC8-39C5-4D3D-9221-D9FACA508280}
		{A3321DED-DE03-4A46-B268-837842B6EC6C} = {3AA38EF4-8367-4495-A824-C7BC34CF550A}
		{55F890B2-4692-40BF-BA31-98BA108EACA3} = {3AA38EF4-8367-4495-A824-C7BC34CF550A}
		{1F8BA13B-D417-42ED-9C89-E7878A37CBD2} = {55F890B2-4692-40BF-BA31-98BA108EACA3}
		{DA3BB7F6-C07C-4901-8D88-6FBE23F6A923} = {D601D0BA-127D-4539-A980-4FE32F71744F}
		{198FFFA3-9E06-426A-ACC0-F0E2D72573D8} = {D601D0BA-127D-4539-A980-4FE32F71744F}
		{2F560DF0-DF2D-4F9E-951E-F36C04B344D4} = {DA3BB7F6-C07C-4901-8D88-6FBE23F6A923}
		{E6CA22EB-515D-48D3-A3C6-4EC2EBBA08FA} = {843F15D3-5405-434C-A30D-77278C5014FC}
		{30AC3119-CF81-4417-B1C7-26E778310666} = {843F15D3-5405-434C-A30D-77278C5014FC}
		{76B078EE-F4BF-4285-A7DC-6944F349A668} = {E6CA22EB-515D-48D3-A3C6-4EC2EBBA08FA}
	EndGlobalSection
	GlobalSection(ExtensibilityGlobals) = postSolution
		SolutionGuid = {4DFABF54-00A5-421D-86EF-C699158A44F6}
	EndGlobalSection
EndGlobal
